
Microsoft Visual Studio Solution File, Format Version 12.00
# Visual Studio Version 17
VisualStudioVersion = 17.0.31903.59
MinimumVisualStudioVersion = 10.0.40219.1
Project("{FAE04EC0-301F-11D3-BF4B-00C04F79EFBC}") = "api_biblioteca", "api_biblioteca.csproj", "{7E0EB29B-B8A8-46F4-8068-CC9228BEC28B}"
EndProject
Global
	GlobalSection(SolutionConfigurationPlatforms) = preSolution
		Debug|Any CPU = Debug|Any CPU
		Release|Any CPU = Release|Any CPU
	EndGlobalSection
	GlobalSection(SolutionProperties) = preSolution
		HideSolutionNode = FALSE
	EndGlobalSection
	GlobalSection(ProjectConfigurationPlatforms) = postSolution
		{7E0EB29B-B8A8-46F4-8068-CC9228BEC28B}.Debug|Any CPU.ActiveCfg = Debug|Any CPU
		{7E0EB29B-B8A8-46F4-8068-CC9228BEC28B}.Debug|Any CPU.Build.0 = Debug|Any CPU
		{7E0EB29B-B8A8-46F4-8068-CC9228BEC28B}.Release|Any CPU.ActiveCfg = Release|Any CPU
		{7E0EB29B-B8A8-46F4-8068-CC9228BEC28B}.Release|Any CPU.Build.0 = Release|Any CPU
	EndGlobalSection
EndGlobal
